
Microsoft Visual Studio Solution File, Format Version 12.00
# Visual Studio Version 16
VisualStudioVersion = 16.0.33529.622
MinimumVisualStudioVersion = 10.0.40219.1
Project("{FAE04EC0-301F-11D3-BF4B-00C04F79EFBC}") = "rockPaperScissors", "rockPaperScissors\rockPaperScissors.csproj", "{DB5CA818-0005-44E0-BBFE-7F3C961A152F}"
EndProject
Global
	GlobalSection(SolutionConfigurationPlatforms) = preSolution
		Debug|Any CPU = Debug|Any CPU
		Release|Any CPU = Release|Any CPU
	EndGlobalSection
	GlobalSection(ProjectConfigurationPlatforms) = postSolution
		{DB5CA818-0005-44E0-BBFE-7F3C961A152F}.Debug|Any CPU.ActiveCfg = Debug|Any CPU
		{DB5CA818-0005-44E0-BBFE-7F3C961A152F}.Debug|Any CPU.Build.0 = Debug|Any CPU
		{DB5CA818-0005-44E0-BBFE-7F3C961A152F}.Release|Any CPU.ActiveCfg = Release|Any CPU
		{DB5CA818-0005-44E0-BBFE-7F3C961A152F}.Release|Any CPU.Build.0 = Release|Any CPU
	EndGlobalSection
	GlobalSection(SolutionProperties) = preSolution
		HideSolutionNode = FALSE
	EndGlobalSection
	GlobalSection(ExtensibilityGlobals) = postSolution
		SolutionGuid = {A712F469-ECD6-40DC-BF43-7DD9F96851C6}
	EndGlobalSection
EndGlobal
